
Microsoft Visual Studio Solution File, Format Version 12.00
# Visual Studio Version 16
VisualStudioVersion = 16.0.28803.352
MinimumVisualStudioVersion = 10.0.40219.1
Project("{FAE04EC0-301F-11D3-BF4B-00C04F79EFBC}") = "odataTest", "odataTest\odataTest.csproj", "{FFE4FC30-12B6-4464-A2BD-556CA9FE3186}"
EndProject
Global
	GlobalSection(SolutionConfigurationPlatforms) = preSolution
		Debug|Any CPU = Debug|Any CPU
		Release|Any CPU = Release|Any CPU
	EndGlobalSection
	GlobalSection(ProjectConfigurationPlatforms) = postSolution
		{FFE4FC30-12B6-4464-A2BD-556CA9FE3186}.Debug|Any CPU.ActiveCfg = Debug|Any CPU
		{FFE4FC30-12B6-4464-A2BD-556CA9FE3186}.Debug|Any CPU.Build.0 = Debug|Any CPU
		{FFE4FC30-12B6-4464-A2BD-556CA9FE3186}.Release|Any CPU.ActiveCfg = Release|Any CPU
		{FFE4FC30-12B6-4464-A2BD-556CA9FE3186}.Release|Any CPU.Build.0 = Release|Any CPU
	EndGlobalSection
	GlobalSection(SolutionProperties) = preSolution
		HideSolutionNode = FALSE
	EndGlobalSection
	GlobalSection(ExtensibilityGlobals) = postSolution
		SolutionGuid = {7E91CEF8-A7CE-4530-A51C-00C09658D67A}
	EndGlobalSection
EndGlobal
